// !$*UTF8*$!
{
	archiveVersion = 1;
	classes = {
	};
	objectVersion = 50;
	objects = {

/* Begin PBXBuildFile section */
		2A1A0BC223423F2000187602 /* AppDelegate.swift in Sources */ = {isa = PBXBuildFile; fileRef = 2A1A0BC123423F2000187602 /* AppDelegate.swift */; };
		2A1A0BC423423F2000187602 /* ViewController.swift in Sources */ = {isa = PBXBuildFile; fileRef = 2A1A0BC323423F2000187602 /* ViewController.swift */; };
		2A1A0BC623423F2100187602 /* Assets.xcassets in Resources */ = {isa = PBXBuildFile; fileRef = 2A1A0BC523423F2100187602 /* Assets.xcassets */; };
		2A1A0BC923423F2100187602 /* Main.storyboard in Resources */ = {isa = PBXBuildFile; fileRef = 2A1A0BC723423F2100187602 /* Main.storyboard */; };
		2AC529202345E96700A0838A /* zalgo.json in Resources */ = {isa = PBXBuildFile; fileRef = 2AC5291F2345E96700A0838A /* zalgo.json */; };
		2AC529222345E9F100A0838A /* ZalgoCharacters.swift in Sources */ = {isa = PBXBuildFile; fileRef = 2AC529212345E9F100A0838A /* ZalgoCharacters.swift */; };
		2AC529242345F14D00A0838A /* ROT13.swift in Sources */ = {isa = PBXBuildFile; fileRef = 2AC529232345F14D00A0838A /* ROT13.swift */; };
/* End PBXBuildFile section */

/* Begin PBXFileReference section */
		2A1A0BBE23423F2000187602 /* textTransformer.app */ = {isa = PBXFileReference; explicitFileType = wrapper.application; includeInIndex = 0; path = textTransformer.app; sourceTree = BUILT_PRODUCTS_DIR; };
		2A1A0BC123423F2000187602 /* AppDelegate.swift */ = {isa = PBXFileReference; lastKnownFileType = sourcecode.swift; path = AppDelegate.swift; sourceTree = "<group>"; };
		2A1A0BC323423F2000187602 /* ViewController.swift */ = {isa = PBXFileReference; lastKnownFileType = sourcecode.swift; path = ViewController.swift; sourceTree = "<group>"; };
		2A1A0BC523423F2100187602 /* Assets.xcassets */ = {isa = PBXFileReference; lastKnownFileType = folder.assetcatalog; path = Assets.xcassets; sourceTree = "<group>"; };
		2A1A0BC823423F2100187602 /* Base */ = {isa = PBXFileReference; lastKnownFileType = file.storyboard; name = Base; path = Base.lproj/Main.storyboard; sourceTree = "<group>"; };
		2A1A0BCA23423F2100187602 /* Info.plist */ = {isa = PBXFileReference; lastKnownFileType = text.plist.xml; path = Info.plist; sourceTree = "<group>"; };
		2A1A0BCB23423F2100187602 /* textTransformer.entitlements */ = {isa = PBXFileReference; lastKnownFileType = text.plist.entitlements; path = textTransformer.entitlements; sourceTree = "<group>"; };
		2AC5291F2345E96700A0838A /* zalgo.json */ = {isa = PBXFileReference; fileEncoding = 4; lastKnownFileType = text.json; name = zalgo.json; path = ../../../zalgo.json; sourceTree = "<group>"; };
		2AC529212345E9F100A0838A /* ZalgoCharacters.swift */ = {isa = PBXFileReference; lastKnownFileType = sourcecode.swift; path = ZalgoCharacters.swift; sourceTree = "<group>"; };
		2AC529232345F14D00A0838A /* ROT13.swift */ = {isa = PBXFileReference; lastKnownFileType = sourcecode.swift; path = ROT13.swift; sourceTree = "<group>"; };
/* End PBXFileReference section */

/* Begin PBXFrameworksBuildPhase section */
		2A1A0BBB23423F2000187602 /* Frameworks */ = {
			isa = PBXFrameworksBuildPhase;
			buildActionMask = 2147483647;
			files = (
			);
			runOnlyForDeploymentPostprocessing = 0;
		};
/* End PBXFrameworksBuildPhase section */

/* Begin PBXGroup section */
		2A1A0BB523423F2000187602 = {
			isa = PBXGroup;
			children = (
				2A1A0BC023423F2000187602 /* textTransformer */,
				2A1A0BBF23423F2000187602 /* Products */,
			);
			sourceTree = "<group>";
		};
		2A1A0BBF23423F2000187602 /* Products */ = {
			isa = PBXGroup;
			children = (
				2A1A0BBE23423F2000187602 /* textTransformer.app */,
			);
			name = Products;
			sourceTree = "<group>";
		};
		2A1A0BC023423F2000187602 /* textTransformer */ = {
			isa = PBXGroup;
			children = (
				2A1A0BC123423F2000187602 /* AppDelegate.swift */,
				2A1A0BC323423F2000187602 /* ViewController.swift */,
				2AC529232345F14D00A0838A /* ROT13.swift */,
				2A1A0BC523423F2100187602 /* Assets.xcassets */,
				2A1A0BC723423F2100187602 /* Main.storyboard */,
				2A1A0BCA23423F2100187602 /* Info.plist */,
				2A1A0BCB23423F2100187602 /* textTransformer.entitlements */,
				2AC5291F2345E96700A0838A /* zalgo.json */,
				2AC529212345E9F100A0838A /* ZalgoCharacters.swift */,
			);
			path = textTransformer;
			sourceTree = "<group>";
		};
/* End PBXGroup section */

/* Begin PBXNativeTarget section */
		2A1A0BBD23423F2000187602 /* textTransformer */ = {
			isa = PBXNativeTarget;
			buildConfigurationList = 2A1A0BCE23423F2100187602 /* Build configuration list for PBXNativeTarget "textTransformer" */;
			buildPhases = (
				2A1A0BBA23423F2000187602 /* Sources */,
				2A1A0BBB23423F2000187602 /* Frameworks */,
				2A1A0BBC23423F2000187602 /* Resources */,
			);
			buildRules = (
			);
			dependencies = (
			);
			name = textTransformer;
			productName = textTransformer;
			productReference = 2A1A0BBE23423F2000187602 /* textTransformer.app */;
			productType = "com.apple.product-type.application";
		};
/* End PBXNativeTarget section */

/* Begin PBXProject section */
		2A1A0BB623423F2000187602 /* Project object */ = {
			isa = PBXProject;
			attributes = {
				LastSwiftUpdateCheck = 1100;
				LastUpgradeCheck = 1100;
				ORGANIZATIONNAME = "Lukas Jocham";
				TargetAttributes = {
					2A1A0BBD23423F2000187602 = {
						CreatedOnToolsVersion = 11.0;
					};
				};
			};
			buildConfigurationList = 2A1A0BB923423F2000187602 /* Build configuration list for PBXProject "textTransformer" */;
			compatibilityVersion = "Xcode 9.3";
			developmentRegion = en;
			hasScannedForEncodings = 0;
			knownRegions = (
				en,
				Base,
			);
			mainGroup = 2A1A0BB523423F2000187602;
			productRefGroup = 2A1A0BBF23423F2000187602 /* Products */;
			projectDirPath = "";
			projectRoot = "";
			targets = (
				2A1A0BBD23423F2000187602 /* textTransformer */,
			);
		};
/* End PBXProject section */

/* Begin PBXResourcesBuildPhase section */
		2A1A0BBC23423F2000187602 /* Resources */ = {
			isa = PBXResourcesBuildPhase;
			buildActionMask = 2147483647;
			files = (
				2A1A0BC623423F2100187602 /* Assets.xcassets in Resources */,
				2A1A0BC923423F2100187602 /* Main.storyboard in Resources */,
				2AC529202345E96700A0838A /* zalgo.json in Resources */,
			);
			runOnlyForDeploymentPostprocessing = 0;
		};
/* End PBXResourcesBuildPhase section */

/* Begin PBXSourcesBuildPhase section */
		2A1A0BBA23423F2000187602 /* Sources */ = {
			isa = PBXSourcesBuildPhase;
			buildActionMask = 2147483647;
			files = (
				2AC529222345E9F100A0838A /* ZalgoCharacters.swift in Sources */,
				2A1A0BC423423F2000187602 /* ViewController.swift in Sources */,
				2A1A0BC223423F2000187602 /* AppDelegate.swift in Sources */,
				2AC529242345F14D00A0838A /* ROT13.swift in Sources */,
			);
			runOnlyForDeploymentPostprocessing = 0;
		};
/* End PBXSourcesBuildPhase section */

/* Begin PBXVariantGroup section */
		2A1A0BC723423F2100187602 /* Main.storyboard */ = {
			isa = PBXVariantGroup;
			children = (
				2A1A0BC823423F2100187602 /* Base */,
			);
			name = Main.storyboard;
			sourceTree = "<group>";
		};
/* End PBXVariantGroup section */

/* Begin XCBuildConfiguration section */
		2A1A0BCC23423F2100187602 /* Debug */ = {
			isa = XCBuildConfiguration;
			buildSettings = {
				ALWAYS_SEARCH_USER_PATHS = NO;
				CLANG_ANALYZER_NONNULL = YES;
				CLANG_ANALYZER_NUMBER_OBJECT_CONVERSION = YES_AGGRESSIVE;
				CLANG_CXX_LANGUAGE_STANDARD = "gnu++14";
				CLANG_CXX_LIBRARY = "libc++";
				CLANG_ENABLE_MODULES = YES;
				CLANG_ENABLE_OBJC_ARC = YES;
				CLANG_ENABLE_OBJC_WEAK = YES;
				CLANG_WARN_BLOCK_CAPTURE_AUTORELEASING = YES;
				CLANG_WARN_BOOL_CONVERSION = YES;
				CLANG_WARN_COMMA = YES;
				CLANG_WARN_CONSTANT_CONVERSION = YES;
				CLANG_WARN_DEPRECATED_OBJC_IMPLEMENTATIONS = YES;
				CLANG_WARN_DIRECT_OBJC_ISA_USAGE = YES_ERROR;
				CLANG_WARN_DOCUMENTATION_COMMENTS = YES;
				CLANG_WARN_EMPTY_BODY = YES;
				CLANG_WARN_ENUM_CONVERSION = YES;
				CLANG_WARN_INFINITE_RECURSION = YES;
				CLANG_WARN_INT_CONVERSION = YES;
				CLANG_WARN_NON_LITERAL_NULL_CONVERSION = YES;
				CLANG_WARN_OBJC_IMPLICIT_RETAIN_SELF = YES;
				CLANG_WARN_OBJC_LITERAL_CONVERSION = YES;
				CLANG_WARN_OBJC_ROOT_CLASS = YES_ERROR;
				CLANG_WARN_RANGE_LOOP_ANALYSIS = YES;
				CLANG_WARN_STRICT_PROTOTYPES = YES;
				CLANG_WARN_SUSPICIOUS_MOVE = YES;
				CLANG_WARN_UNGUARDED_AVAILABILITY = YES_AGGRESSIVE;
				CLANG_WARN_UNREACHABLE_CODE = YES;
				CLANG_WARN__DUPLICATE_METHOD_MATCH = YES;
				COPY_PHASE_STRIP = NO;
				DEBUG_INFORMATION_FORMAT = dwarf;
				ENABLE_STRICT_OBJC_MSGSEND = YES;
				ENABLE_TESTABILITY = YES;
				GCC_C_LANGUAGE_STANDARD = gnu11;
				GCC_DYNAMIC_NO_PIC = NO;
				GCC_NO_COMMON_BLOCKS = YES;
				GCC_OPTIMIZATION_LEVEL = 0;
				GCC_PREPROCESSOR_DEFINITIONS = (
					"DEBUG=1",
					"$(inherited)",
				);
				GCC_WARN_64_TO_32_BIT_CONVERSION = YES;
				GCC_WARN_ABOUT_RETURN_TYPE = YES_ERROR;
				GCC_WARN_UNDECLARED_SELECTOR = YES;
				GCC_WARN_UNINITIALIZED_AUTOS = YES_AGGRESSIVE;
				GCC_WARN_UNUSED_FUNCTION = YES;
				GCC_WARN_UNUSED_VARIABLE = YES;
				MACOSX_DEPLOYMENT_TARGET = 10.15;
				MTL_ENABLE_DEBUG_INFO = INCLUDE_SOURCE;
				MTL_FAST_MATH = YES;
				ONLY_ACTIVE_ARCH = YES;
				SDKROOT = macosx;
				SWIFT_ACTIVE_COMPILATION_CONDITIONS = DEBUG;
				SWIFT_OPTIMIZATION_LEVEL = "-Onone";
			};
			name = Debug;
		};
		2A1A0BCD23423F2100187602 /* Release */ = {
			isa = XCBuildConfiguration;
			buildSettings = {
				ALWAYS_SEARCH_USER_PATHS = NO;
				CLANG_ANALYZER_NONNULL = YES;
				CLANG_ANALYZER_NUMBER_OBJECT_CONVERSION = YES_AGGRESSIVE;
				CLANG_CXX_LANGUAGE_STANDARD = "gnu++14";
				CLANG_CXX_LIBRARY = "libc++";
				CLANG_ENABLE_MODULES = YES;
				CLANG_ENABLE_OBJC_ARC = YES;
				CLANG_ENABLE_OBJC_WEAK = YES;
				CLANG_WARN_BLOCK_CAPTURE_AUTORELEASING = YES;
				CLANG_WARN_BOOL_CONVERSION = YES;
				CLANG_WARN_COMMA = YES;
				CLANG_WARN_CONSTANT_CONVERSION = YES;
				CLANG_WARN_DEPRECATED_OBJC_IMPLEMENTATIONS = YES;
				CLANG_WARN_DIRECT_OBJC_ISA_USAGE = YES_ERROR;
				CLANG_WARN_DOCUMENTATION_COMMENTS = YES;
				CLANG_WARN_EMPTY_BODY = YES;
				CLANG_WARN_ENUM_CONVERSION = YES;
				CLANG_WARN_INFINITE_RECURSION = YES;
				CLANG_WARN_INT_CONVERSION = YES;
				CLANG_WARN_NON_LITERAL_NULL_CONVERSION = YES;
				CLANG_WARN_OBJC_IMPLICIT_RETAIN_SELF = YES;
				CLANG_WARN_OBJC_LITERAL_CONVERSION = YES;
				CLANG_WARN_OBJC_ROOT_CLASS = YES_ERROR;
				CLANG_WARN_RANGE_LOOP_ANALYSIS = YES;
				CLANG_WARN_STRICT_PROTOTYPES = YES;
				CLANG_WARN_SUSPICIOUS_MOVE = YES;
				CLANG_WARN_UNGUARDED_AVAILABILITY = YES_AGGRESSIVE;
				CLANG_WARN_UNREACHABLE_CODE = YES;
				CLANG_WARN__DUPLICATE_METHOD_MATCH = YES;
				COPY_PHASE_STRIP = NO;
				DEBUG_INFORMATION_FORMAT = "dwarf-with-dsym";
				ENABLE_NS_ASSERTIONS = NO;
				ENABLE_STRICT_OBJC_MSGSEND = YES;
				GCC_C_LANGUAGE_STANDARD = gnu11;
				GCC_NO_COMMON_BLOCKS = YES;
				GCC_WARN_64_TO_32_BIT_CONVERSION = YES;
				GCC_WARN_ABOUT_RETURN_TYPE = YES_ERROR;
				GCC_WARN_UNDECLARED_SELECTOR = YES;
				GCC_WARN_UNINITIALIZED_AUTOS = YES_AGGRESSIVE;
				GCC_WARN_UNUSED_FUNCTION = YES;
				GCC_WARN_UNUSED_VARIABLE = YES;
				MACOSX_DEPLOYMENT_TARGET = 10.15;
				MTL_ENABLE_DEBUG_INFO = NO;
				MTL_FAST_MATH = YES;
				SDKROOT = macosx;
				SWIFT_COMPILATION_MODE = wholemodule;
				SWIFT_OPTIMIZATION_LEVEL = "-O";
			};
			name = Release;
		};
		2A1A0BCF23423F2100187602 /* Debug */ = {
			isa = XCBuildConfiguration;
			buildSettings = {
				ASSETCATALOG_COMPILER_APPICON_NAME = AppIcon;
				CODE_SIGN_ENTITLEMENTS = textTransformer/textTransformer.entitlements;
				CODE_SIGN_STYLE = Automatic;
				COMBINE_HIDPI_IMAGES = YES;
				INFOPLIST_FILE = textTransformer/Info.plist;
				LD_RUNPATH_SEARCH_PATHS = (
					"$(inherited)",
					"@executable_path/../Frameworks",
				);
				PRODUCT_BUNDLE_IDENTIFIER = flow.textTransformer;
				PRODUCT_NAME = "$(TARGET_NAME)";
				SWIFT_VERSION = 5.0;
			};
			name = Debug;
		};
		2A1A0BD023423F2100187602 /* Release */ = {
			isa = XCBuildConfiguration;
			buildSettings = {
				ASSETCATALOG_COMPILER_APPICON_NAME = AppIcon;
				CODE_SIGN_ENTITLEMENTS = textTransformer/textTransformer.entitlements;
				CODE_SIGN_STYLE = Automatic;
				COMBINE_HIDPI_IMAGES = YES;
				INFOPLIST_FILE = textTransformer/Info.plist;
				LD_RUNPATH_SEARCH_PATHS = (
					"$(inherited)",
					"@executable_path/../Frameworks",
				);
				PRODUCT_BUNDLE_IDENTIFIER = flow.textTransformer;
				PRODUCT_NAME = "$(TARGET_NAME)";
				SWIFT_VERSION = 5.0;
			};
			name = Release;
		};
/* End XCBuildConfiguration section */

/* Begin XCConfigurationList section */
		2A1A0BB923423F2000187602 /* Build configuration list for PBXProject "textTransformer" */ = {
			isa = XCConfigurationList;
			buildConfigurations = (
				2A1A0BCC23423F2100187602 /* Debug */,
				2A1A0BCD23423F2100187602 /* Release */,
			);
			defaultConfigurationIsVisible = 0;
			defaultConfigurationName = Release;
		};
		2A1A0BCE23423F2100187602 /* Build configuration list for PBXNativeTarget "textTransformer" */ = {
			isa = XCConfigurationList;
			buildConfigurations = (
				2A1A0BCF23423F2100187602 /* Debug */,
				2A1A0BD023423F2100187602 /* Release */,
			);
			defaultConfigurationIsVisible = 0;
			defaultConfigurationName = Release;
		};
/* End XCConfigurationList section */
	};
	rootObject = 2A1A0BB623423F2000187602 /* Project object */;
}
